PODS:
  - RBUIKit (1.1.1):
    - RBUIKit/QMUICore (= 1.1.1)
  - RBUIKit/QMUICore (1.1.1)

DEPENDENCIES:
  - RBUIKit (from `../`)

EXTERNAL SOURCES:
  RBUIKit:
    :path: ../

SPEC CHECKSUMS:
  RBUIKit: 678d2ee8361240848587b8bd3a611ea30d3da61c

PODFILE CHECKSUM: 775270e5f495a523e0a67b04193334a232afd0d1

COCOAPODS: 1.3.1
